
Microsoft Visual Studio Solution File, Format Version 12.00
# Visual Studio Version 17
VisualStudioVersion = 17.9.34622.214
MinimumVisualStudioVersion = 10.0.40219.1
Project("{FAE04EC0-301F-11D3-BF4B-00C04F79EFBC}") = "ArpellaStores", "ArpellaStores.csproj", "{5B48C518-1ECF-4B54-8F25-BBB8862A3AB9}"
EndProject
Global
	GlobalSection(SolutionConfigurationPlatforms) = preSolution
		Debug|Any CPU = Debug|Any CPU
		Release|Any CPU = Release|Any CPU
	EndGlobalSection
	GlobalSection(ProjectConfigurationPlatforms) = postSolution
		{5B48C518-1ECF-4B54-8F25-BBB8862A3AB9}.Debug|Any CPU.ActiveCfg = Debug|Any CPU
		{5B48C518-1ECF-4B54-8F25-BBB8862A3AB9}.Debug|Any CPU.Build.0 = Debug|Any CPU
		{5B48C518-1ECF-4B54-8F25-BBB8862A3AB9}.Release|Any CPU.ActiveCfg = Release|Any CPU
		{5B48C518-1ECF-4B54-8F25-BBB8862A3AB9}.Release|Any CPU.Build.0 = Release|Any CPU
	EndGlobalSection
	GlobalSection(SolutionProperties) = preSolution
		HideSolutionNode = FALSE
	EndGlobalSection
	GlobalSection(ExtensibilityGlobals) = postSolution
		SolutionGuid = {C09E0B5D-3574-4EE1-84E0-AA12629BEE58}
	EndGlobalSection
EndGlobal
